
Microsoft Visual Studio Solution File, Format Version 12.00
# Visual Studio Version 16
VisualStudioVersion = 16.0.30011.22
MinimumVisualStudioVersion = 10.0.40219.1
Project("{FAE04EC0-301F-11D3-BF4B-00C04F79EFBC}") = "FizzBuzz", "FizzBuzz\FizzBuzz.csproj", "{78BF33A8-5913-4F67-91E8-B29E03CDB010}"
EndProject
Project("{FAE04EC0-301F-11D3-BF4B-00C04F79EFBC}") = "FizzBuzz.Tests", "FizzBuzz.Tests\FizzBuzz.Tests.csproj", "{0C6900DC-94E7-46F4-B380-F6B3947EAF06}"
EndProject
Global
	GlobalSection(SolutionConfigurationPlatforms) = preSolution
		Debug|Any CPU = Debug|Any CPU
		Release|Any CPU = Release|Any CPU
	EndGlobalSection
	GlobalSection(ProjectConfigurationPlatforms) = postSolution
		{78BF33A8-5913-4F67-91E8-B29E03CDB010}.Debug|Any CPU.ActiveCfg = Debug|Any CPU
		{78BF33A8-5913-4F67-91E8-B29E03CDB010}.Debug|Any CPU.Build.0 = Debug|Any CPU
		{78BF33A8-5913-4F67-91E8-B29E03CDB010}.Release|Any CPU.ActiveCfg = Release|Any CPU
		{78BF33A8-5913-4F67-91E8-B29E03CDB010}.Release|Any CPU.Build.0 = Release|Any CPU
		{0C6900DC-94E7-46F4-B380-F6B3947EAF06}.Debug|Any CPU.ActiveCfg = Debug|Any CPU
		{0C6900DC-94E7-46F4-B380-F6B3947EAF06}.Debug|Any CPU.Build.0 = Debug|Any CPU
		{0C6900DC-94E7-46F4-B380-F6B3947EAF06}.Release|Any CPU.ActiveCfg = Release|Any CPU
		{0C6900DC-94E7-46F4-B380-F6B3947EAF06}.Release|Any CPU.Build.0 = Release|Any CPU
	EndGlobalSection
	GlobalSection(SolutionProperties) = preSolution
		HideSolutionNode = FALSE
	EndGlobalSection
	GlobalSection(ExtensibilityGlobals) = postSolution
		SolutionGuid = {5EECA295-1C20-4266-A121-F314BDFA1872}
	EndGlobalSection
EndGlobal
